{
  "requires": true,
  "lockfileVersion": 1,
  "dependencies": {
    "react-donut-chart": {
      "version": "1.3.3",
      "resolved": "https://registry.npmjs.org/react-donut-chart/-/react-donut-chart-1.3.3.tgz",
      "integrity": "sha512-z3lYY7bL33DGYY+OOU57WkoMMeAaMKgPR+LJaWftCSAcOBhadVolvIk3gVB/g9ry7sc6RZs0Z+UQgXMgd0l3Hw=="
    }
  }
}
